Microsoft Visual Studio Solution File, Format Version 12.00
# Visual Studio Version 17
VisualStudioVersion = 17.0.31903.59
MinimumVisualStudioVersion = 10.0.40219.1

Project("{FAE04EC0-301F-11D3-BF4B-00C04F79EFBC}") = "Afkreplace", "Afkreplace\Afkreplace.csproj", "{E1BD143F-4951-45C6-B975-8CF48097F137}"
EndProject
Project("{FAE04EC0-301F-11D3-BF4B-00C04F79EFBC}") = "Swapped", "Swapped\Swapped.csproj", "{9ACACCC7-CC43-4120-958F-A6D949E55256}"
EndProject
Project("{FAE04EC0-301F-11D3-BF4B-00C04F79EFBC}") = "Updater", "Updater\Updater.csproj", "{FF1CE1F4-F005-44C7-941C-B9D12ABB103B}"
EndProject
Project("{FAE04EC0-301F-11D3-BF4B-00C04F79EFBC}") = "Tracked", "Tracked\Tracked.csproj", "{8FA93B5B-DB37-45D6-9F66-D56B617E3A61}"
EndProject
Project("{FAE04EC0-301F-11D3-BF4B-00C04F79EFBC}") = "Reporter", "Reporter\Reporter.csproj", "{D0701339-06A3-4373-84F2-29894B8DBC95}"
EndProject
Project("{FAE04EC0-301F-11D3-BF4B-00C04F79EFBC}") = "Sprayed", "Sprayed\Sprayed.csproj", "{C89B9396-DBE7-4A7B-8990-8EDBB005F446}"
EndProject
Project("{FAE04EC0-301F-11D3-BF4B-00C04F79EFBC}") = "FakeRank", "FakeRank\FakeRank.csproj", "{EECA65F6-93D4-48B5-806E-4FE1F352C9D9}"
EndProject
Project("{FAE04EC0-301F-11D3-BF4B-00C04F79EFBC}") = "ZombieCake", "ZombieCake\ZombieCake.csproj", "{453D33BA-66C9-4090-91B0-73AFC162BF39}"
EndProject
Project("{FAE04EC0-301F-11D3-BF4B-00C04F79EFBC}") = "MultiIntercom", "MultiIntercom\MultiIntercom.csproj", "{E7686429-750D-428A-B3C7-5DF68EAE4A0D}"
EndProject
Project("{FAE04EC0-301F-11D3-BF4B-00C04F79EFBC}") = "Push", "Push\Push.csproj", "{1A68E0A3-667D-417B-A241-6A85D6DBBD5E}"
EndProject
Project("{FAE04EC0-301F-11D3-BF4B-00C04F79EFBC}") = "CustomRoles", "CustomRoles\CustomRoles.csproj", "{2CA8455E-024B-46F9-8262-637F14825B42}"
EndProject

Global
	GlobalSection(SolutionConfigurationPlatforms) = preSolution
		Release|Any CPU = Release|Any CPU
	EndGlobalSection
	GlobalSection(ProjectConfigurationPlatforms) = postSolution
		{E1BD143F-4951-45C6-B975-8CF48097F137}.Release|Any CPU.ActiveCfg = Release|Any CPU
		{E1BD143F-4951-45C6-B975-8CF48097F137}.Release|Any CPU.Build.0 = Release|Any CPU
		{9ACACCC7-CC43-4120-958F-A6D949E55256}.Release|Any CPU.ActiveCfg = Release|Any CPU
		{9ACACCC7-CC43-4120-958F-A6D949E55256}.Release|Any CPU.Build.0 = Release|Any CPU
		{FF1CE1F4-F005-44C7-941C-B9D12ABB103B}.Release|Any CPU.ActiveCfg = Release|Any CPU
		{FF1CE1F4-F005-44C7-941C-B9D12ABB103B}.Release|Any CPU.Build.0 = Release|Any CPU
		{8FA93B5B-DB37-45D6-9F66-D56B617E3A61}.Release|Any CPU.ActiveCfg = Release|Any CPU
		{8FA93B5B-DB37-45D6-9F66-D56B617E3A61}.Release|Any CPU.Build.0 = Release|Any CPU
		{D0701339-06A3-4373-84F2-29894B8DBC95}.Release|Any CPU.ActiveCfg = Release|Any CPU
		{D0701339-06A3-4373-84F2-29894B8DBC95}.Release|Any CPU.Build.0 = Release|Any CPU
		{C89B9396-DBE7-4A7B-8990-8EDBB005F446}.Release|Any CPU.ActiveCfg = Release|Any CPU
		{C89B9396-DBE7-4A7B-8990-8EDBB005F446}.Release|Any CPU.Build.0 = Release|Any CPU
		{EECA65F6-93D4-48B5-806E-4FE1F352C9D9}.Release|Any CPU.ActiveCfg = Release|Any CPU
		{EECA65F6-93D4-48B5-806E-4FE1F352C9D9}.Release|Any CPU.Build.0 = Release|Any CPU
		{453D33BA-66C9-4090-91B0-73AFC162BF39}.Release|Any CPU.ActiveCfg = Release|Any CPU
		{453D33BA-66C9-4090-91B0-73AFC162BF39}.Release|Any CPU.Build.0 = Release|Any CPU
		{E7686429-750D-428A-B3C7-5DF68EAE4A0D}.Release|Any CPU.ActiveCfg = Release|Any CPU
		{E7686429-750D-428A-B3C7-5DF68EAE4A0D}.Release|Any CPU.Build.0 = Release|Any CPU
		{1A68E0A3-667D-417B-A241-6A85D6DBBD5E}.Release|Any CPU.ActiveCfg = Release|Any CPU
		{1A68E0A3-667D-417B-A241-6A85D6DBBD5E}.Release|Any CPU.Build.0 = Release|Any CPU
		{2CA8455E-024B-46F9-8262-637F14825B42}.Release|Any CPU.ActiveCfg = Debug|Any CPU
		{2CA8455E-024B-46F9-8262-637F14825B42}.Release|Any CPU.Build.0 = Debug|Any CPU
	EndGlobalSection
EndGlobal
